
Microsoft Visual Studio Solution File, Format Version 12.00
# Visual Studio 14
VisualStudioVersion = 14.0.25420.1
MinimumVisualStudioVersion = 10.0.40219.1
Project("{FAE04EC0-301F-11D3-BF4B-00C04F79EFBC}") = "UnitTest", "UnitTest\UnitTest.csproj", "{86EFFCBF-3B01-4BBE-8EE7-BF85A0751C82}"
EndProject
Project("{FAE04EC0-301F-11D3-BF4B-00C04F79EFBC}") = "RollADiceGame", "RollADiceGame\RollADiceGame.csproj", "{B856DD31-11A9-420C-B355-23FF42EE24C7}"
EndProject
Project("{FAE04EC0-301F-11D3-BF4B-00C04F79EFBC}") = "Roll_A_Dice_Game", "Roll_A_Dice_Game\Roll_A_Dice_Game.csproj", "{36D0E4A6-E67D-45FA-AF19-9C143FE8C826}"
EndProject
Global
	GlobalSection(SolutionConfigurationPlatforms) = preSolution
		Debug|Any CPU = Debug|Any CPU
		Release|Any CPU = Release|Any CPU
	EndGlobalSection
	GlobalSection(ProjectConfigurationPlatforms) = postSolution
		{86EFFCBF-3B01-4BBE-8EE7-BF85A0751C82}.Debug|Any CPU.ActiveCfg = Debug|Any CPU
		{86EFFCBF-3B01-4BBE-8EE7-BF85A0751C82}.Debug|Any CPU.Build.0 = Debug|Any CPU
		{86EFFCBF-3B01-4BBE-8EE7-BF85A0751C82}.Release|Any CPU.ActiveCfg = Release|Any CPU
		{86EFFCBF-3B01-4BBE-8EE7-BF85A0751C82}.Release|Any CPU.Build.0 = Release|Any CPU
		{B856DD31-11A9-420C-B355-23FF42EE24C7}.Debug|Any CPU.ActiveCfg = Debug|Any CPU
		{B856DD31-11A9-420C-B355-23FF42EE24C7}.Debug|Any CPU.Build.0 = Debug|Any CPU
		{B856DD31-11A9-420C-B355-23FF42EE24C7}.Release|Any CPU.ActiveCfg = Release|Any CPU
		{B856DD31-11A9-420C-B355-23FF42EE24C7}.Release|Any CPU.Build.0 = Release|Any CPU
		{36D0E4A6-E67D-45FA-AF19-9C143FE8C826}.Debug|Any CPU.ActiveCfg = Debug|Any CPU
		{36D0E4A6-E67D-45FA-AF19-9C143FE8C826}.Debug|Any CPU.Build.0 = Debug|Any CPU
		{36D0E4A6-E67D-45FA-AF19-9C143FE8C826}.Release|Any CPU.ActiveCfg = Release|Any CPU
		{36D0E4A6-E67D-45FA-AF19-9C143FE8C826}.Release|Any CPU.Build.0 = Release|Any CPU
	EndGlobalSection
	GlobalSection(SolutionProperties) = preSolution
		HideSolutionNode = FALSE
	EndGlobalSection
EndGlobal
